
Microsoft Visual Studio Solution File, Format Version 12.00
# Visual Studio Version 17
VisualStudioVersion = 17.0.31903.59
MinimumVisualStudioVersion = 10.0.40219.1
Project("{FAE04EC0-301F-11D3-BF4B-00C04F79EFBC}") = "ConsoleApp1", "ConsoleApp1\ConsoleApp1.csproj", "{AE9E6F87-65C4-4004-8FA1-E00443FAF5BD}"
EndProject
Project("{FAE04EC0-301F-11D3-BF4B-00C04F79EFBC}") = "Day2", "Day2\Day2.csproj", "{9B85FF9C-241D-4162-96CF-48C45AE14BA6}"
EndProject
Project("{FAE04EC0-301F-11D3-BF4B-00C04F79EFBC}") = "Day3", "Day3\Day3.csproj", "{567A7CF0-0C10-48BC-B501-D384930D2595}"
EndProject
Project("{FAE04EC0-301F-11D3-BF4B-00C04F79EFBC}") = "LogicExerciseFoobar", "LogicExerciseFoobar\LogicExerciseFoobar.csproj", "{0B91F52D-2460-47B7-BF13-4135DD061EC8}"
EndProject
Project("{FAE04EC0-301F-11D3-BF4B-00C04F79EFBC}") = "ToDoList", "ToDoList\ToDoList.csproj", "{505CD7DC-6364-419C-8B80-AB847ED19516}"
EndProject
Project("{FAE04EC0-301F-11D3-BF4B-00C04F79EFBC}") = "ParkingSystem", "ParkingSystem\ParkingSystem.csproj", "{9AE82130-E021-4B7C-A05F-72B7D2E2A14C}"
EndProject
Project("{FAE04EC0-301F-11D3-BF4B-00C04F79EFBC}") = "Delegate", "Delegate\Delegate.csproj", "{BA5E1AA7-F0B2-4DB8-8306-CD7E0B25C396}"
EndProject
Project("{FAE04EC0-301F-11D3-BF4B-00C04F79EFBC}") = "EventHandling", "EventHandling\EventHandling.csproj", "{AC38D465-1F2B-4FF5-BF15-C45A9FB90A6A}"
EndProject
Project("{FAE04EC0-301F-11D3-BF4B-00C04F79EFBC}") = "OperatorOverloading", "OperatorOverloading\OperatorOverloading.csproj", "{8F769DEF-F7B6-4B22-90B8-DDA24C180D90}"
EndProject
Project("{FAE04EC0-301F-11D3-BF4B-00C04F79EFBC}") = "Enumeration", "Enumeration\Enumeration.csproj", "{2EC8C520-04EC-482E-B3EC-45B35AF7A759}"
EndProject
Project("{FAE04EC0-301F-11D3-BF4B-00C04F79EFBC}") = "Exception", "Exception\Exception.csproj", "{398F8E48-DFB2-4800-BC5B-E26D7CCDB8D2}"
EndProject
Project("{FAE04EC0-301F-11D3-BF4B-00C04F79EFBC}") = "StringHandling", "StringHandling\StringHandling.csproj", "{CCB9C13C-5E05-4757-994F-862EAFC4182C}"
EndProject
Project("{FAE04EC0-301F-11D3-BF4B-00C04F79EFBC}") = "DateTime", "DateTime\DateTime.csproj", "{BE6B5DDC-4BF4-40C2-B33D-EC509B1059AA}"
EndProject
Project("{FAE04EC0-301F-11D3-BF4B-00C04F79EFBC}") = "Enums", "Enums\Enums.csproj", "{56C7C449-E985-43E8-A4D8-A68BD547CE37}"
EndProject
Project("{FAE04EC0-301F-11D3-BF4B-00C04F79EFBC}") = "UtilityClasses", "UtilityClasses\UtilityClasses.csproj", "{CB8A34C0-39C2-450C-95B9-0EBCDF4C01F6}"
EndProject
Project("{FAE04EC0-301F-11D3-BF4B-00C04F79EFBC}") = "ParkingSystemAPI", "ParkingSystemAPI\ParkingSystemAPI.csproj", "{17EEDEC7-F0C5-421D-BF91-BBAE40FE2B36}"
EndProject
Project("{FAE04EC0-301F-11D3-BF4B-00C04F79EFBC}") = "Chess", "Chess\Chess.csproj", "{202F3558-FCBB-4869-852B-BEA3825E78D2}"
EndProject
Global
	GlobalSection(SolutionConfigurationPlatforms) = preSolution
		Debug|Any CPU = Debug|Any CPU
		Release|Any CPU = Release|Any CPU
	EndGlobalSection
	GlobalSection(SolutionProperties) = preSolution
		HideSolutionNode = FALSE
	EndGlobalSection
	GlobalSection(ProjectConfigurationPlatforms) = postSolution
		{AE9E6F87-65C4-4004-8FA1-E00443FAF5BD}.Debug|Any CPU.ActiveCfg = Debug|Any CPU
		{AE9E6F87-65C4-4004-8FA1-E00443FAF5BD}.Debug|Any CPU.Build.0 = Debug|Any CPU
		{AE9E6F87-65C4-4004-8FA1-E00443FAF5BD}.Release|Any CPU.ActiveCfg = Release|Any CPU
		{AE9E6F87-65C4-4004-8FA1-E00443FAF5BD}.Release|Any CPU.Build.0 = Release|Any CPU
		{9B85FF9C-241D-4162-96CF-48C45AE14BA6}.Debug|Any CPU.ActiveCfg = Debug|Any CPU
		{9B85FF9C-241D-4162-96CF-48C45AE14BA6}.Debug|Any CPU.Build.0 = Debug|Any CPU
		{9B85FF9C-241D-4162-96CF-48C45AE14BA6}.Release|Any CPU.ActiveCfg = Release|Any CPU
		{9B85FF9C-241D-4162-96CF-48C45AE14BA6}.Release|Any CPU.Build.0 = Release|Any CPU
		{567A7CF0-0C10-48BC-B501-D384930D2595}.Debug|Any CPU.ActiveCfg = Debug|Any CPU
		{567A7CF0-0C10-48BC-B501-D384930D2595}.Debug|Any CPU.Build.0 = Debug|Any CPU
		{567A7CF0-0C10-48BC-B501-D384930D2595}.Release|Any CPU.ActiveCfg = Release|Any CPU
		{567A7CF0-0C10-48BC-B501-D384930D2595}.Release|Any CPU.Build.0 = Release|Any CPU
		{0B91F52D-2460-47B7-BF13-4135DD061EC8}.Debug|Any CPU.ActiveCfg = Debug|Any CPU
		{0B91F52D-2460-47B7-BF13-4135DD061EC8}.Debug|Any CPU.Build.0 = Debug|Any CPU
		{0B91F52D-2460-47B7-BF13-4135DD061EC8}.Release|Any CPU.ActiveCfg = Release|Any CPU
		{0B91F52D-2460-47B7-BF13-4135DD061EC8}.Release|Any CPU.Build.0 = Release|Any CPU
		{505CD7DC-6364-419C-8B80-AB847ED19516}.Debug|Any CPU.ActiveCfg = Debug|Any CPU
		{505CD7DC-6364-419C-8B80-AB847ED19516}.Debug|Any CPU.Build.0 = Debug|Any CPU
		{505CD7DC-6364-419C-8B80-AB847ED19516}.Release|Any CPU.ActiveCfg = Release|Any CPU
		{505CD7DC-6364-419C-8B80-AB847ED19516}.Release|Any CPU.Build.0 = Release|Any CPU
		{9AE82130-E021-4B7C-A05F-72B7D2E2A14C}.Debug|Any CPU.ActiveCfg = Debug|Any CPU
		{9AE82130-E021-4B7C-A05F-72B7D2E2A14C}.Debug|Any CPU.Build.0 = Debug|Any CPU
		{9AE82130-E021-4B7C-A05F-72B7D2E2A14C}.Release|Any CPU.ActiveCfg = Release|Any CPU
		{9AE82130-E021-4B7C-A05F-72B7D2E2A14C}.Release|Any CPU.Build.0 = Release|Any CPU
		{BA5E1AA7-F0B2-4DB8-8306-CD7E0B25C396}.Debug|Any CPU.ActiveCfg = Debug|Any CPU
		{BA5E1AA7-F0B2-4DB8-8306-CD7E0B25C396}.Debug|Any CPU.Build.0 = Debug|Any CPU
		{BA5E1AA7-F0B2-4DB8-8306-CD7E0B25C396}.Release|Any CPU.ActiveCfg = Release|Any CPU
		{BA5E1AA7-F0B2-4DB8-8306-CD7E0B25C396}.Release|Any CPU.Build.0 = Release|Any CPU
		{AC38D465-1F2B-4FF5-BF15-C45A9FB90A6A}.Debug|Any CPU.ActiveCfg = Debug|Any CPU
		{AC38D465-1F2B-4FF5-BF15-C45A9FB90A6A}.Debug|Any CPU.Build.0 = Debug|Any CPU
		{AC38D465-1F2B-4FF5-BF15-C45A9FB90A6A}.Release|Any CPU.ActiveCfg = Release|Any CPU
		{AC38D465-1F2B-4FF5-BF15-C45A9FB90A6A}.Release|Any CPU.Build.0 = Release|Any CPU
		{8F769DEF-F7B6-4B22-90B8-DDA24C180D90}.Debug|Any CPU.ActiveCfg = Debug|Any CPU
		{8F769DEF-F7B6-4B22-90B8-DDA24C180D90}.Debug|Any CPU.Build.0 = Debug|Any CPU
		{8F769DEF-F7B6-4B22-90B8-DDA24C180D90}.Release|Any CPU.ActiveCfg = Release|Any CPU
		{8F769DEF-F7B6-4B22-90B8-DDA24C180D90}.Release|Any CPU.Build.0 = Release|Any CPU
		{2EC8C520-04EC-482E-B3EC-45B35AF7A759}.Debug|Any CPU.ActiveCfg = Debug|Any CPU
		{2EC8C520-04EC-482E-B3EC-45B35AF7A759}.Debug|Any CPU.Build.0 = Debug|Any CPU
		{2EC8C520-04EC-482E-B3EC-45B35AF7A759}.Release|Any CPU.ActiveCfg = Release|Any CPU
		{2EC8C520-04EC-482E-B3EC-45B35AF7A759}.Release|Any CPU.Build.0 = Release|Any CPU
		{398F8E48-DFB2-4800-BC5B-E26D7CCDB8D2}.Debug|Any CPU.ActiveCfg = Debug|Any CPU
		{398F8E48-DFB2-4800-BC5B-E26D7CCDB8D2}.Debug|Any CPU.Build.0 = Debug|Any CPU
		{398F8E48-DFB2-4800-BC5B-E26D7CCDB8D2}.Release|Any CPU.ActiveCfg = Release|Any CPU
		{398F8E48-DFB2-4800-BC5B-E26D7CCDB8D2}.Release|Any CPU.Build.0 = Release|Any CPU
		{CCB9C13C-5E05-4757-994F-862EAFC4182C}.Debug|Any CPU.ActiveCfg = Debug|Any CPU
		{CCB9C13C-5E05-4757-994F-862EAFC4182C}.Debug|Any CPU.Build.0 = Debug|Any CPU
		{CCB9C13C-5E05-4757-994F-862EAFC4182C}.Release|Any CPU.ActiveCfg = Release|Any CPU
		{CCB9C13C-5E05-4757-994F-862EAFC4182C}.Release|Any CPU.Build.0 = Release|Any CPU
		{BE6B5DDC-4BF4-40C2-B33D-EC509B1059AA}.Debug|Any CPU.ActiveCfg = Debug|Any CPU
		{BE6B5DDC-4BF4-40C2-B33D-EC509B1059AA}.Debug|Any CPU.Build.0 = Debug|Any CPU
		{BE6B5DDC-4BF4-40C2-B33D-EC509B1059AA}.Release|Any CPU.ActiveCfg = Release|Any CPU
		{BE6B5DDC-4BF4-40C2-B33D-EC509B1059AA}.Release|Any CPU.Build.0 = Release|Any CPU
		{56C7C449-E985-43E8-A4D8-A68BD547CE37}.Debug|Any CPU.ActiveCfg = Debug|Any CPU
		{56C7C449-E985-43E8-A4D8-A68BD547CE37}.Debug|Any CPU.Build.0 = Debug|Any CPU
		{56C7C449-E985-43E8-A4D8-A68BD547CE37}.Release|Any CPU.ActiveCfg = Release|Any CPU
		{56C7C449-E985-43E8-A4D8-A68BD547CE37}.Release|Any CPU.Build.0 = Release|Any CPU
		{CB8A34C0-39C2-450C-95B9-0EBCDF4C01F6}.Debug|Any CPU.ActiveCfg = Debug|Any CPU
		{CB8A34C0-39C2-450C-95B9-0EBCDF4C01F6}.Debug|Any CPU.Build.0 = Debug|Any CPU
		{CB8A34C0-39C2-450C-95B9-0EBCDF4C01F6}.Release|Any CPU.ActiveCfg = Release|Any CPU
		{CB8A34C0-39C2-450C-95B9-0EBCDF4C01F6}.Release|Any CPU.Build.0 = Release|Any CPU
		{17EEDEC7-F0C5-421D-BF91-BBAE40FE2B36}.Debug|Any CPU.ActiveCfg = Debug|Any CPU
		{17EEDEC7-F0C5-421D-BF91-BBAE40FE2B36}.Debug|Any CPU.Build.0 = Debug|Any CPU
		{17EEDEC7-F0C5-421D-BF91-BBAE40FE2B36}.Release|Any CPU.ActiveCfg = Release|Any CPU
		{17EEDEC7-F0C5-421D-BF91-BBAE40FE2B36}.Release|Any CPU.Build.0 = Release|Any CPU
		{202F3558-FCBB-4869-852B-BEA3825E78D2}.Debug|Any CPU.ActiveCfg = Debug|Any CPU
		{202F3558-FCBB-4869-852B-BEA3825E78D2}.Debug|Any CPU.Build.0 = Debug|Any CPU
		{202F3558-FCBB-4869-852B-BEA3825E78D2}.Release|Any CPU.ActiveCfg = Release|Any CPU
		{202F3558-FCBB-4869-852B-BEA3825E78D2}.Release|Any CPU.Build.0 = Release|Any CPU
	EndGlobalSection
EndGlobal
